
Microsoft Visual Studio Solution File, Format Version 12.00
# Visual Studio Version 17
VisualStudioVersion = 17.14.36623.8 d17.14
MinimumVisualStudioVersion = 10.0.40219.1
Project("{FAE04EC0-301F-11D3-BF4B-00C04F79EFBC}") = "DavaoCityExplorerAPI", "DavaoCityExplorerAPI\DavaoCityExplorerAPI.csproj", "{BE19B13D-72E4-4342-B5F5-3DB0CC5C4DD3}"
EndProject
Global
	GlobalSection(SolutionConfigurationPlatforms) = preSolution
		Debug|Any CPU = Debug|Any CPU
		Release|Any CPU = Release|Any CPU
	EndGlobalSection
	GlobalSection(ProjectConfigurationPlatforms) = postSolution
		{BE19B13D-72E4-4342-B5F5-3DB0CC5C4DD3}.Debug|Any CPU.ActiveCfg = Debug|Any CPU
		{BE19B13D-72E4-4342-B5F5-3DB0CC5C4DD3}.Debug|Any CPU.Build.0 = Debug|Any CPU
		{BE19B13D-72E4-4342-B5F5-3DB0CC5C4DD3}.Release|Any CPU.ActiveCfg = Release|Any CPU
		{BE19B13D-72E4-4342-B5F5-3DB0CC5C4DD3}.Release|Any CPU.Build.0 = Release|Any CPU
	EndGlobalSection
	GlobalSection(SolutionProperties) = preSolution
		HideSolutionNode = FALSE
	EndGlobalSection
	GlobalSection(ExtensibilityGlobals) = postSolution
		SolutionGuid = {24CC3011-3C2D-4F68-9CBA-64D83E7737EA}
	EndGlobalSection
EndGlobal
